
Microsoft Visual Studio Solution File, Format Version 12.00
# Visual Studio Version 16
VisualStudioVersion = 16.0.29709.97
MinimumVisualStudioVersion = 10.0.40219.1
Project("{FAE04EC0-301F-11D3-BF4B-00C04F79EFBC}") = "BibliotecaPersona", "BibliotecaPersona\BibliotecaPersona.csproj", "{CCE7BE06-E27F-4AE7-A16C-0D9700476990}"
EndProject
Project("{FAE04EC0-301F-11D3-BF4B-00C04F79EFBC}") = "Vista1", "Vista1\Vista1.csproj", "{2D146906-7D31-4E00-917B-CD3C250BC95E}"
EndProject
Global
	GlobalSection(SolutionConfigurationPlatforms) = preSolution
		Debug|Any CPU = Debug|Any CPU
		Release|Any CPU = Release|Any CPU
	EndGlobalSection
	GlobalSection(ProjectConfigurationPlatforms) = postSolution
		{CCE7BE06-E27F-4AE7-A16C-0D9700476990}.Debug|Any CPU.ActiveCfg = Debug|Any CPU
		{CCE7BE06-E27F-4AE7-A16C-0D9700476990}.Debug|Any CPU.Build.0 = Debug|Any CPU
		{CCE7BE06-E27F-4AE7-A16C-0D9700476990}.Release|Any CPU.ActiveCfg = Release|Any CPU
		{CCE7BE06-E27F-4AE7-A16C-0D9700476990}.Release|Any CPU.Build.0 = Release|Any CPU
		{2D146906-7D31-4E00-917B-CD3C250BC95E}.Debug|Any CPU.ActiveCfg = Debug|Any CPU
		{2D146906-7D31-4E00-917B-CD3C250BC95E}.Debug|Any CPU.Build.0 = Debug|Any CPU
		{2D146906-7D31-4E00-917B-CD3C250BC95E}.Release|Any CPU.ActiveCfg = Release|Any CPU
		{2D146906-7D31-4E00-917B-CD3C250BC95E}.Release|Any CPU.Build.0 = Release|Any CPU
	EndGlobalSection
	GlobalSection(SolutionProperties) = preSolution
		HideSolutionNode = FALSE
	EndGlobalSection
	GlobalSection(ExtensibilityGlobals) = postSolution
		SolutionGuid = {5DA7BD10-5ED0-4E87-A363-84E4D8FF9628}
	EndGlobalSection
EndGlobal
